
Microsoft Visual Studio Solution File, Format Version 12.00
# Visual Studio Version 17
VisualStudioVersion = 17.14.36301.6
MinimumVisualStudioVersion = 10.0.40219.1
Project("{FAE04EC0-301F-11D3-BF4B-00C04F79EFBC}") = "Snowflake.NET", "Snowflake.NET.csproj", "{B74B0DCC-B4CB-4E9C-84B9-804397E8B9FF}"
EndProject
Project("{FAE04EC0-301F-11D3-BF4B-00C04F79EFBC}") = "Snowflake.NET.Scaffold", "..\Snowflake.NET.Scaffold\Snowflake.NET.Scaffold.csproj", "{62AB6038-00B3-48AD-BED1-660F92FFEDE0}"
EndProject
Project("{FAE04EC0-301F-11D3-BF4B-00C04F79EFBC}") = "Snowflake.NET.Framework", "..\Snowflake.NET.Framework\Snowflake.NET.Framework.csproj", "{95282F41-F1BC-4A83-859A-44C010E934E4}"
EndProject
Project("{FAE04EC0-301F-11D3-BF4B-00C04F79EFBC}") = "Snowflake.NET.Tests", "..\Snowflake.NET.Tests\Snowflake.NET.Tests.csproj", "{026608FE-D0E5-2F86-4ACB-728CFBB6AFCA}"
EndProject
Global
	GlobalSection(SolutionConfigurationPlatforms) = preSolution
		Debug|Any CPU = Debug|Any CPU
		Release|Any CPU = Release|Any CPU
	EndGlobalSection
	GlobalSection(ProjectConfigurationPlatforms) = postSolution
		{B74B0DCC-B4CB-4E9C-84B9-804397E8B9FF}.Debug|Any CPU.ActiveCfg = Debug|Any CPU
		{B74B0DCC-B4CB-4E9C-84B9-804397E8B9FF}.Debug|Any CPU.Build.0 = Debug|Any CPU
		{B74B0DCC-B4CB-4E9C-84B9-804397E8B9FF}.Release|Any CPU.ActiveCfg = Release|Any CPU
		{B74B0DCC-B4CB-4E9C-84B9-804397E8B9FF}.Release|Any CPU.Build.0 = Release|Any CPU
		{62AB6038-00B3-48AD-BED1-660F92FFEDE0}.Debug|Any CPU.ActiveCfg = Debug|Any CPU
		{62AB6038-00B3-48AD-BED1-660F92FFEDE0}.Debug|Any CPU.Build.0 = Debug|Any CPU
		{62AB6038-00B3-48AD-BED1-660F92FFEDE0}.Release|Any CPU.ActiveCfg = Release|Any CPU
		{62AB6038-00B3-48AD-BED1-660F92FFEDE0}.Release|Any CPU.Build.0 = Release|Any CPU
		{95282F41-F1BC-4A83-859A-44C010E934E4}.Debug|Any CPU.ActiveCfg = Debug|Any CPU
		{95282F41-F1BC-4A83-859A-44C010E934E4}.Debug|Any CPU.Build.0 = Debug|Any CPU
		{95282F41-F1BC-4A83-859A-44C010E934E4}.Release|Any CPU.ActiveCfg = Release|Any CPU
		{95282F41-F1BC-4A83-859A-44C010E934E4}.Release|Any CPU.Build.0 = Release|Any CPU
		{026608FE-D0E5-2F86-4ACB-728CFBB6AFCA}.Debug|Any CPU.ActiveCfg = Debug|Any CPU
		{026608FE-D0E5-2F86-4ACB-728CFBB6AFCA}.Debug|Any CPU.Build.0 = Debug|Any CPU
		{026608FE-D0E5-2F86-4ACB-728CFBB6AFCA}.Release|Any CPU.ActiveCfg = Release|Any CPU
		{026608FE-D0E5-2F86-4ACB-728CFBB6AFCA}.Release|Any CPU.Build.0 = Release|Any CPU
	EndGlobalSection
	GlobalSection(SolutionProperties) = preSolution
		HideSolutionNode = FALSE
	EndGlobalSection
	GlobalSection(ExtensibilityGlobals) = postSolution
		SolutionGuid = {033BD733-2D98-4F8E-90F6-15F8B6024E31}
	EndGlobalSection
EndGlobal
